
Microsoft Visual Studio Solution File, Format Version 12.00
# Visual Studio Version 16
VisualStudioVersion = 16.0.31129.286
MinimumVisualStudioVersion = 10.0.40219.1
Project("{FAE04EC0-301F-11D3-BF4B-00C04F79EFBC}") = "Lists", "Lists\Lists.csproj", "{64131EBD-0042-412E-B981-93BFB78B0607}"
EndProject
Global
	GlobalSection(SolutionConfigurationPlatforms) = preSolution
		Debug|Any CPU = Debug|Any CPU
		Release|Any CPU = Release|Any CPU
	EndGlobalSection
	GlobalSection(ProjectConfigurationPlatforms) = postSolution
		{64131EBD-0042-412E-B981-93BFB78B0607}.Debug|Any CPU.ActiveCfg = Debug|Any CPU
		{64131EBD-0042-412E-B981-93BFB78B0607}.Debug|Any CPU.Build.0 = Debug|Any CPU
		{64131EBD-0042-412E-B981-93BFB78B0607}.Release|Any CPU.ActiveCfg = Release|Any CPU
		{64131EBD-0042-412E-B981-93BFB78B0607}.Release|Any CPU.Build.0 = Release|Any CPU
	EndGlobalSection
	GlobalSection(SolutionProperties) = preSolution
		HideSolutionNode = FALSE
	EndGlobalSection
	GlobalSection(ExtensibilityGlobals) = postSolution
		SolutionGuid = {2C7069C1-B981-4C13-A93E-D46E623DB04E}
	EndGlobalSection
EndGlobal
